PODS:
  - AFNetworking (3.1.0):
    - AFNetworking/NSURLSession (= 3.1.0)
    - AFNetworking/Reachability (= 3.1.0)
    - AFNetworking/Security (= 3.1.0)
    - AFNetworking/Serialization (= 3.1.0)
    - AFNetworking/UIKit (= 3.1.0)
  - AFNetworking/NSURLSession (3.1.0):
    - AFNetworking/Reachability
    - AFNetworking/Security
    - AFNetworking/Serialization
  - AFNetworking/Reachability (3.1.0)
  - AFNetworking/Security (3.1.0)
  - AFNetworking/Serialization (3.1.0)
  - AFNetworking/UIKit (3.1.0):
    - AFNetworking/NSURLSession
  - MBProgressHUD (0.9)
  - SimpleOAuth2 (0.0.3):
    - AFNetworking (~> 3.1)

DEPENDENCIES:
  - MBProgressHUD (~> 0.9)
  - SimpleOAuth2 (from `https://github.com/gabmarfer/SimpleOAuth2.git`, branch `upgrade-afnetworking`)

EXTERNAL SOURCES:
  SimpleOAuth2:
    :branch: upgrade-afnetworking
    :git: https://github.com/gabmarfer/SimpleOAuth2.git

CHECKOUT OPTIONS:
  SimpleOAuth2:
    :commit: 70f7ab35d812b42e5ad4765839f0d346c678f748
    :git: https://github.com/gabmarfer/SimpleOAuth2.git

SPEC CHECKSUMS:
  AFNetworking: 5e0e199f73d8626b11e79750991f5d173d1f8b67
  MBProgressHUD: d8e7ea388dc1549a42e0d219067cf5f2c898fb66
  SimpleOAuth2: fd413bd589bf616e8e517b6019c4eadad198c95f

PODFILE CHECKSUM: 6f6c96bb2cd6c94c29306c6691164eae9bba2740

COCOAPODS: 1.2.0
