// !$*UTF8*$!
{
	archiveVersion = 1;
	classes = {
	};
	objectVersion = 46;
	objects = {

/* Begin PBXBuildFile section */
		AF026538199A971C001CA450 /* InitialViewController.m in Sources */ = {isa = PBXBuildFile; fileRef = AF026536199A971C001CA450 /* InitialViewController.m */; };
		AF026539199A971C001CA450 /* InitialViewController.xib in Resources */ = {isa = PBXBuildFile; fileRef = AF026537199A971C001CA450 /* InitialViewController.xib */; };
		AF02653D199AA164001CA450 /* JustAViewController.m in Sources */ = {isa = PBXBuildFile; fileRef = AF02653B199AA164001CA450 /* JustAViewController.m */; };
		AF02653E199AA164001CA450 /* JustAViewController.xib in Resources */ = {isa = PBXBuildFile; fileRef = AF02653C199AA164001CA450 /* JustAViewController.xib */; };
		AF0431D019945F44000C7B6D /* InstagramSimpleOAuthViewController.xib in Resources */ = {isa = PBXBuildFile; fileRef = AF0431CF19945F44000C7B6D /* InstagramSimpleOAuthViewController.xib */; };
		AF407E381993BFA700F61872 /* Foundation.framework in Frameworks */ = {isa = PBXBuildFile; fileRef = AF407E371993BFA700F61872 /* Foundation.framework */; };
		AF407E3A1993BFA700F61872 /* CoreGraphics.framework in Frameworks */ = {isa = PBXBuildFile; fileRef = AF407E391993BFA700F61872 /* CoreGraphics.framework */; };
		AF407E3C1993BFA700F61872 /* UIKit.framework in Frameworks */ = {isa = PBXBuildFile; fileRef = AF407E3B1993BFA700F61872 /* UIKit.framework */; };
		AF407E421993BFA700F61872 /* InfoPlist.strings in Resources */ = {isa = PBXBuildFile; fileRef = AF407E401993BFA700F61872 /* InfoPlist.strings */; };
		AF407E441993BFA700F61872 /* main.m in Sources */ = {isa = PBXBuildFile; fileRef = AF407E431993BFA700F61872 /* main.m */; };
		AF407E481993BFA700F61872 /* AppDelegate.m in Sources */ = {isa = PBXBuildFile; fileRef = AF407E471993BFA700F61872 /* AppDelegate.m */; };
		AF407E531993BFA700F61872 /* Images.xcassets in Resources */ = {isa = PBXBuildFile; fileRef = AF407E521993BFA700F61872 /* Images.xcassets */; };
		AF64636B19B4F75B0087AE61 /* README.md in Resources */ = {isa = PBXBuildFile; fileRef = AF64636A19B4F75B0087AE61 /* README.md */; };
		AF66544319AB7BF1004D2DAE /* InstagramLoginResponse.m in Sources */ = {isa = PBXBuildFile; fileRef = AF66544219AB7BF1004D2DAE /* InstagramLoginResponse.m */; };
		AF66544919AB80E7004D2DAE /* InstagramUser.m in Sources */ = {isa = PBXBuildFile; fileRef = AF66544819AB80E7004D2DAE /* InstagramUser.m */; };
		AF753F571993C37F007C8B1B /* InstagramSimpleOAuthViewController.m in Sources */ = {isa = PBXBuildFile; fileRef = AF753F561993C37F007C8B1B /* InstagramSimpleOAuthViewController.m */; };
		AF793E7D19AEF6E2008C3656 /* InstagramConstants.m in Sources */ = {isa = PBXBuildFile; fileRef = AF793E7C19AEF6E2008C3656 /* InstagramConstants.m */; };
		AF976E9E19B60C89006D1CF7 /* iPadScreenshot.jpg in Resources */ = {isa = PBXBuildFile; fileRef = AF976E9C19B60C89006D1CF7 /* iPadScreenshot.jpg */; };
		AF976E9F19B60C89006D1CF7 /* iPhone5Screenshot.jpg in Resources */ = {isa = PBXBuildFile; fileRef = AF976E9D19B60C89006D1CF7 /* iPhone5Screenshot.jpg */; };
		AFA846A119B0054B0035A004 /* InstagramAuthenticationManager.m in Sources */ = {isa = PBXBuildFile; fileRef = AFA846A019B0054B0035A004 /* InstagramAuthenticationManager.m */; };
		AFC5B1F21A32C67E0077AA7C /* InstagramTokenParameters.m in Sources */ = {isa = PBXBuildFile; fileRef = AFC5B1F11A32C67E0077AA7C /* InstagramTokenParameters.m */; };
		CADBD10BC81C09ED31971B77 /* libPods-InstagramSimpleOAuth.a in Frameworks */ = {isa = PBXBuildFile; fileRef = D0D076623A81C10CA4E42DC4 /* libPods-InstagramSimpleOAuth.a */; };
/* End PBXBuildFile section */

/* Begin PBXFileReference section */
		12E4B35F7047533F33FA9E64 /* libPods-InstagramSimpleOAuthTests.a */ = {isa = PBXFileReference; explicitFileType = archive.ar; includeInIndex = 0; path = "libPods-InstagramSimpleOAuthTests.a"; sourceTree = BUILT_PRODUCTS_DIR; };
		56C6AFFD6A419D23C10F9A9F /* Pods-InstagramSimpleOAuthTests.release.xcconfig */ = {isa = PBXFileReference; includeInIndex = 1; lastKnownFileType = text.xcconfig; name = "Pods-InstagramSimpleOAuthTests.release.xcconfig"; path = "Pods/Target Support Files/Pods-InstagramSimpleOAuthTests/Pods-InstagramSimpleOAuthTests.release.xcconfig"; sourceTree = "<group>"; };
		AF026535199A971C001CA450 /* InitialViewController.h */ = {isa = PBXFileReference; fileEncoding = 4; lastKnownFileType = sourcecode.c.h; path = InitialViewController.h; sourceTree = "<group>"; };
		AF026536199A971C001CA450 /* InitialViewController.m */ = {isa = PBXFileReference; fileEncoding = 4; lastKnownFileType = sourcecode.c.objc; path = InitialViewController.m; sourceTree = "<group>"; };
		AF026537199A971C001CA450 /* InitialViewController.xib */ = {isa = PBXFileReference; fileEncoding = 4; lastKnownFileType = file.xib; path = InitialViewController.xib; sourceTree = "<group>"; };
		AF02653A199AA164001CA450 /* JustAViewController.h */ = {isa = PBXFileReference; fileEncoding = 4; lastKnownFileType = sourcecode.c.h; path = JustAViewController.h; sourceTree = "<group>"; };
		AF02653B199AA164001CA450 /* JustAViewController.m */ = {isa = PBXFileReference; fileEncoding = 4; lastKnownFileType = sourcecode.c.objc; path = JustAViewController.m; sourceTree = "<group>"; };
		AF02653C199AA164001CA450 /* JustAViewController.xib */ = {isa = PBXFileReference; fileEncoding = 4; lastKnownFileType = file.xib; path = JustAViewController.xib; sourceTree = "<group>"; };
		AF0431CF19945F44000C7B6D /* InstagramSimpleOAuthViewController.xib */ = {isa = PBXFileReference; fileEncoding = 4; lastKnownFileType = file.xib; name = InstagramSimpleOAuthViewController.xib; path = Source/InstagramSimpleOAuthViewController.xib; sourceTree = "<group>"; };
		AF27E95A19B83CD70060DA91 /* InstagramSimpleOAuth.h */ = {isa = PBXFileReference; fileEncoding = 4; lastKnownFileType = sourcecode.c.h; name = InstagramSimpleOAuth.h; path = Source/InstagramSimpleOAuth.h; sourceTree = "<group>"; };
		AF407E341993BFA700F61872 /* InstagramSimpleOAuth.app */ = {isa = PBXFileReference; explicitFileType = wrapper.application; includeInIndex = 0; path = InstagramSimpleOAuth.app; sourceTree = BUILT_PRODUCTS_DIR; };
		AF407E371993BFA700F61872 /* Foundation.framework */ = {isa = PBXFileReference; lastKnownFileType = wrapper.framework; name = Foundation.framework; path = System/Library/Frameworks/Foundation.framework; sourceTree = SDKROOT; };
		AF407E391993BFA700F61872 /* CoreGraphics.framework */ = {isa = PBXFileReference; lastKnownFileType = wrapper.framework; name = CoreGraphics.framework; path = System/Library/Frameworks/CoreGraphics.framework; sourceTree = SDKROOT; };
		AF407E3B1993BFA700F61872 /* UIKit.framework */ = {isa = PBXFileReference; lastKnownFileType = wrapper.framework; name = UIKit.framework; path = System/Library/Frameworks/UIKit.framework; sourceTree = SDKROOT; };
		AF407E3F1993BFA700F61872 /* InstagramSimpleOAuth-Info.plist */ = {isa = PBXFileReference; lastKnownFileType = text.plist.xml; path = "InstagramSimpleOAuth-Info.plist"; sourceTree = "<group>"; };
		AF407E411993BFA700F61872 /* en */ = {isa = PBXFileReference; lastKnownFileType = text.plist.strings; name = en; path = en.lproj/InfoPlist.strings; sourceTree = "<group>"; };
		AF407E431993BFA700F61872 /* main.m */ = {isa = PBXFileReference; lastKnownFileType = sourcecode.c.objc; path = main.m; sourceTree = "<group>"; };
		AF407E451993BFA700F61872 /* InstagramSimpleOAuth-Prefix.pch */ = {isa = PBXFileReference; lastKnownFileType = sourcecode.c.h; path = "InstagramSimpleOAuth-Prefix.pch"; sourceTree = "<group>"; };
		AF407E461993BFA700F61872 /* AppDelegate.h */ = {isa = PBXFileReference; lastKnownFileType = sourcecode.c.h; path = AppDelegate.h; sourceTree = "<group>"; };
		AF407E471993BFA700F61872 /* AppDelegate.m */ = {isa = PBXFileReference; lastKnownFileType = sourcecode.c.objc; path = AppDelegate.m; sourceTree = "<group>"; };
		AF407E521993BFA700F61872 /* Images.xcassets */ = {isa = PBXFileReference; lastKnownFileType = folder.assetcatalog; path = Images.xcassets; sourceTree = "<group>"; };
		AF407E591993BFA700F61872 /* XCTest.framework */ = {isa = PBXFileReference; lastKnownFileType = wrapper.framework; name = XCTest.framework; path = Library/Frameworks/XCTest.framework; sourceTree = DEVELOPER_DIR; };
		AF64636A19B4F75B0087AE61 /* README.md */ = {isa = PBXFileReference; fileEncoding = 4; lastKnownFileType = text; path = README.md; sourceTree = "<group>"; };
		AF66544119AB7BF1004D2DAE /* InstagramLoginResponse.h */ = {isa = PBXFileReference; fileEncoding = 4; lastKnownFileType = sourcecode.c.h; name = InstagramLoginResponse.h; path = Source/InstagramLoginResponse.h; sourceTree = "<group>"; };
		AF66544219AB7BF1004D2DAE /* InstagramLoginResponse.m */ = {isa = PBXFileReference; fileEncoding = 4; lastKnownFileType = sourcecode.c.objc; name = InstagramLoginResponse.m; path = Source/InstagramLoginResponse.m; sourceTree = "<group>"; };
		AF66544719AB80E7004D2DAE /* InstagramUser.h */ = {isa = PBXFileReference; fileEncoding = 4; lastKnownFileType = sourcecode.c.h; name = InstagramUser.h; path = Source/InstagramUser.h; sourceTree = "<group>"; };
		AF66544819AB80E7004D2DAE /* InstagramUser.m */ = {isa = PBXFileReference; fileEncoding = 4; lastKnownFileType = sourcecode.c.objc; name = InstagramUser.m; path = Source/InstagramUser.m; sourceTree = "<group>"; };
		AF753F551993C37F007C8B1B /* InstagramSimpleOAuthViewController.h */ = {isa = PBXFileReference; fileEncoding = 4; lastKnownFileType = sourcecode.c.h; name = InstagramSimpleOAuthViewController.h; path = Source/InstagramSimpleOAuthViewController.h; sourceTree = "<group>"; };
		AF753F561993C37F007C8B1B /* InstagramSimpleOAuthViewController.m */ = {isa = PBXFileReference; fileEncoding = 4; lastKnownFileType = sourcecode.c.objc; name = InstagramSimpleOAuthViewController.m; path = Source/InstagramSimpleOAuthViewController.m; sourceTree = "<group>"; };
		AF793E7B19AEF6E2008C3656 /* InstagramConstants.h */ = {isa = PBXFileReference; fileEncoding = 4; lastKnownFileType = sourcecode.c.h; name = InstagramConstants.h; path = Source/InstagramConstants.h; sourceTree = "<group>"; };
		AF793E7C19AEF6E2008C3656 /* InstagramConstants.m */ = {isa = PBXFileReference; fileEncoding = 4; lastKnownFileType = sourcecode.c.objc; name = InstagramConstants.m; path = Source/InstagramConstants.m; sourceTree = "<group>"; };
		AF976E9C19B60C89006D1CF7 /* iPadScreenshot.jpg */ = {isa = PBXFileReference; lastKnownFileType = image.jpeg; path = iPadScreenshot.jpg; sourceTree = "<group>"; };
		AF976E9D19B60C89006D1CF7 /* iPhone5Screenshot.jpg */ = {isa = PBXFileReference; lastKnownFileType = image.jpeg; path = iPhone5Screenshot.jpg; sourceTree = "<group>"; };
		AFA8469F19B0054B0035A004 /* InstagramAuthenticationManager.h */ = {isa = PBXFileReference; fileEncoding = 4; lastKnownFileType = sourcecode.c.h; name = InstagramAuthenticationManager.h; path = Source/InstagramAuthenticationManager.h; sourceTree = "<group>"; };
		AFA846A019B0054B0035A004 /* InstagramAuthenticationManager.m */ = {isa = PBXFileReference; fileEncoding = 4; lastKnownFileType = sourcecode.c.objc; name = InstagramAuthenticationManager.m; path = Source/InstagramAuthenticationManager.m; sourceTree = "<group>"; };
		AFC5B1F01A32C67E0077AA7C /* InstagramTokenParameters.h */ = {isa = PBXFileReference; fileEncoding = 4; lastKnownFileType = sourcecode.c.h; name = InstagramTokenParameters.h; path = Source/InstagramTokenParameters.h; sourceTree = "<group>"; };
		AFC5B1F11A32C67E0077AA7C /* InstagramTokenParameters.m */ = {isa = PBXFileReference; fileEncoding = 4; lastKnownFileType = sourcecode.c.objc; name = InstagramTokenParameters.m; path = Source/InstagramTokenParameters.m; sourceTree = "<group>"; };
		BF4E78F2A23438234588D17F /* Pods-InstagramSimpleOAuth.debug.xcconfig */ = {isa = PBXFileReference; includeInIndex = 1; lastKnownFileType = text.xcconfig; name = "Pods-InstagramSimpleOAuth.debug.xcconfig"; path = "Pods/Target Support Files/Pods-InstagramSimpleOAuth/Pods-InstagramSimpleOAuth.debug.xcconfig"; sourceTree = "<group>"; };
		C497734FCA73C1C4D8AC665F /* Pods-InstagramSimpleOAuth.release.xcconfig */ = {isa = PBXFileReference; includeInIndex = 1; lastKnownFileType = text.xcconfig; name = "Pods-InstagramSimpleOAuth.release.xcconfig"; path = "Pods/Target Support Files/Pods-InstagramSimpleOAuth/Pods-InstagramSimpleOAuth.release.xcconfig"; sourceTree = "<group>"; };
		CBB332C56BFCAFA9F7D332E8 /* Pods-InstagramSimpleOAuthTests.debug.xcconfig */ = {isa = PBXFileReference; includeInIndex = 1; lastKnownFileType = text.xcconfig; name = "Pods-InstagramSimpleOAuthTests.debug.xcconfig"; path = "Pods/Target Support Files/Pods-InstagramSimpleOAuthTests/Pods-InstagramSimpleOAuthTests.debug.xcconfig"; sourceTree = "<group>"; };
		D0D076623A81C10CA4E42DC4 /* libPods-InstagramSimpleOAuth.a */ = {isa = PBXFileReference; explicitFileType = archive.ar; includeInIndex = 0; path = "libPods-InstagramSimpleOAuth.a"; sourceTree = BUILT_PRODUCTS_DIR; };
/* End PBXFileReference section */

/* Begin PBXFrameworksBuildPhase section */
		AF407E311993BFA700F61872 /* Frameworks */ = {
			isa = PBXFrameworksBuildPhase;
			buildActionMask = 2147483647;
			files = (
				AF407E3A1993BFA700F61872 /* CoreGraphics.framework in Frameworks */,
				AF407E3C1993BFA700F61872 /* UIKit.framework in Frameworks */,
				AF407E381993BFA700F61872 /* Foundation.framework in Frameworks */,
				CADBD10BC81C09ED31971B77 /* libPods-InstagramSimpleOAuth.a in Frameworks */,
			);
			runOnlyForDeploymentPostprocessing = 0;
		};
/* End PBXFrameworksBuildPhase section */

/* Begin PBXGroup section */
		A0644A4B062428700B932521 /* Pods */ = {
			isa = PBXGroup;
			children = (
				BF4E78F2A23438234588D17F /* Pods-InstagramSimpleOAuth.debug.xcconfig */,
				C497734FCA73C1C4D8AC665F /* Pods-InstagramSimpleOAuth.release.xcconfig */,
				CBB332C56BFCAFA9F7D332E8 /* Pods-InstagramSimpleOAuthTests.debug.xcconfig */,
				56C6AFFD6A419D23C10F9A9F /* Pods-InstagramSimpleOAuthTests.release.xcconfig */,
			);
			name = Pods;
			sourceTree = "<group>";
		};
		AF407E2B1993BFA700F61872 = {
			isa = PBXGroup;
			children = (
				AF976E9B19B4FD19006D1CF7 /* Github */,
				AF407E3D1993BFA700F61872 /* InstagramSimpleOAuth */,
				AF407E361993BFA700F61872 /* Frameworks */,
				AF407E351993BFA700F61872 /* Products */,
				A0644A4B062428700B932521 /* Pods */,
			);
			sourceTree = "<group>";
		};
		AF407E351993BFA700F61872 /* Products */ = {
			isa = PBXGroup;
			children = (
				AF407E341993BFA700F61872 /* InstagramSimpleOAuth.app */,
			);
			name = Products;
			sourceTree = "<group>";
		};
		AF407E361993BFA700F61872 /* Frameworks */ = {
			isa = PBXGroup;
			children = (
				AF407E371993BFA700F61872 /* Foundation.framework */,
				AF407E391993BFA700F61872 /* CoreGraphics.framework */,
				AF407E3B1993BFA700F61872 /* UIKit.framework */,
				AF407E591993BFA700F61872 /* XCTest.framework */,
				D0D076623A81C10CA4E42DC4 /* libPods-InstagramSimpleOAuth.a */,
				12E4B35F7047533F33FA9E64 /* libPods-InstagramSimpleOAuthTests.a */,
			);
			name = Frameworks;
			sourceTree = "<group>";
		};
		AF407E3D1993BFA700F61872 /* InstagramSimpleOAuth */ = {
			isa = PBXGroup;
			children = (
				AF27E95A19B83CD70060DA91 /* InstagramSimpleOAuth.h */,
				AF793E7B19AEF6E2008C3656 /* InstagramConstants.h */,
				AF793E7C19AEF6E2008C3656 /* InstagramConstants.m */,
				AF753F551993C37F007C8B1B /* InstagramSimpleOAuthViewController.h */,
				AF753F561993C37F007C8B1B /* InstagramSimpleOAuthViewController.m */,
				AF0431CF19945F44000C7B6D /* InstagramSimpleOAuthViewController.xib */,
				AF66544119AB7BF1004D2DAE /* InstagramLoginResponse.h */,
				AF66544219AB7BF1004D2DAE /* InstagramLoginResponse.m */,
				AF66544719AB80E7004D2DAE /* InstagramUser.h */,
				AF66544819AB80E7004D2DAE /* InstagramUser.m */,
				AFC5B1F01A32C67E0077AA7C /* InstagramTokenParameters.h */,
				AFC5B1F11A32C67E0077AA7C /* InstagramTokenParameters.m */,
				AFA8469F19B0054B0035A004 /* InstagramAuthenticationManager.h */,
				AFA846A019B0054B0035A004 /* InstagramAuthenticationManager.m */,
				AF753F531993C31A007C8B1B /* AppCode */,
			);
			path = InstagramSimpleOAuth;
			sourceTree = "<group>";
		};
		AF407E3E1993BFA700F61872 /* Supporting Files */ = {
			isa = PBXGroup;
			children = (
				AF407E3F1993BFA700F61872 /* InstagramSimpleOAuth-Info.plist */,
				AF407E401993BFA700F61872 /* InfoPlist.strings */,
				AF407E431993BFA700F61872 /* main.m */,
				AF407E451993BFA700F61872 /* InstagramSimpleOAuth-Prefix.pch */,
			);
			name = "Supporting Files";
			sourceTree = "<group>";
		};
		AF753F531993C31A007C8B1B /* AppCode */ = {
			isa = PBXGroup;
			children = (
				AF407E461993BFA700F61872 /* AppDelegate.h */,
				AF407E471993BFA700F61872 /* AppDelegate.m */,
				AF026535199A971C001CA450 /* InitialViewController.h */,
				AF026536199A971C001CA450 /* InitialViewController.m */,
				AF026537199A971C001CA450 /* InitialViewController.xib */,
				AF02653A199AA164001CA450 /* JustAViewController.h */,
				AF02653B199AA164001CA450 /* JustAViewController.m */,
				AF02653C199AA164001CA450 /* JustAViewController.xib */,
				AF407E521993BFA700F61872 /* Images.xcassets */,
				AF407E3E1993BFA700F61872 /* Supporting Files */,
			);
			name = AppCode;
			sourceTree = "<group>";
		};
		AF976E9B19B4FD19006D1CF7 /* Github */ = {
			isa = PBXGroup;
			children = (
				AF976E9C19B60C89006D1CF7 /* iPadScreenshot.jpg */,
				AF976E9D19B60C89006D1CF7 /* iPhone5Screenshot.jpg */,
				AF64636A19B4F75B0087AE61 /* README.md */,
			);
			name = Github;
			sourceTree = "<group>";
		};
/* End PBXGroup section */

/* Begin PBXNativeTarget section */
		AF407E331993BFA700F61872 /* InstagramSimpleOAuth */ = {
			isa = PBXNativeTarget;
			buildConfigurationList = AF407E691993BFA700F61872 /* Build configuration list for PBXNativeTarget "InstagramSimpleOAuth" */;
			buildPhases = (
				465093148A0FF7D4E3C839E3 /* [CP] Check Pods Manifest.lock */,
				AF407E301993BFA700F61872 /* Sources */,
				AF407E311993BFA700F61872 /* Frameworks */,
				AF407E321993BFA700F61872 /* Resources */,
				79B7B360B604D6C241F7E106 /* [CP] Embed Pods Frameworks */,
				C79A635663571C0299FC9F35 /* [CP] Copy Pods Resources */,
			);
			buildRules = (
			);
			dependencies = (
			);
			name = InstagramSimpleOAuth;
			productName = InstagramSimpleOAuth;
			productReference = AF407E341993BFA700F61872 /* InstagramSimpleOAuth.app */;
			productType = "com.apple.product-type.application";
		};
/* End PBXNativeTarget section */

/* Begin PBXProject section */
		AF407E2C1993BFA700F61872 /* Project object */ = {
			isa = PBXProject;
			attributes = {
				LastUpgradeCheck = 0510;
				ORGANIZATIONNAME = RKB;
			};
			buildConfigurationList = AF407E2F1993BFA700F61872 /* Build configuration list for PBXProject "InstagramSimpleOAuth" */;
			compatibilityVersion = "Xcode 3.2";
			developmentRegion = English;
			hasScannedForEncodings = 0;
			knownRegions = (
				en,
				Base,
			);
			mainGroup = AF407E2B1993BFA700F61872;
			productRefGroup = AF407E351993BFA700F61872 /* Products */;
			projectDirPath = "";
			projectRoot = "";
			targets = (
				AF407E331993BFA700F61872 /* InstagramSimpleOAuth */,
			);
		};
/* End PBXProject section */

/* Begin PBXResourcesBuildPhase section */
		AF407E321993BFA700F61872 /* Resources */ = {
			isa = PBXResourcesBuildPhase;
			buildActionMask = 2147483647;
			files = (
				AF407E531993BFA700F61872 /* Images.xcassets in Resources */,
				AF0431D019945F44000C7B6D /* InstagramSimpleOAuthViewController.xib in Resources */,
				AF976E9F19B60C89006D1CF7 /* iPhone5Screenshot.jpg in Resources */,
				AF026539199A971C001CA450 /* InitialViewController.xib in Resources */,
				AF64636B19B4F75B0087AE61 /* README.md in Resources */,
				AF407E421993BFA700F61872 /* InfoPlist.strings in Resources */,
				AF976E9E19B60C89006D1CF7 /* iPadScreenshot.jpg in Resources */,
				AF02653E199AA164001CA450 /* JustAViewController.xib in Resources */,
			);
			runOnlyForDeploymentPostprocessing = 0;
		};
/* End PBXResourcesBuildPhase section */

/* Begin PBXShellScriptBuildPhase section */
		465093148A0FF7D4E3C839E3 /* [CP] Check Pods Manifest.lock */ = {
			isa = PBXShellScriptBuildPhase;
			buildActionMask = 2147483647;
			files = (
			);
			inputPaths = (
			);
			name = "[CP] Check Pods Manifest.lock";
			outputPaths = (
			);
			runOnlyForDeploymentPostprocessing = 0;
			shellPath = /bin/sh;
			shellScript = "diff \"${PODS_ROOT}/../Podfile.lock\" \"${PODS_ROOT}/Manifest.lock\" > /dev/null\nif [ $? != 0 ] ; then\n    # print error to STDERR\n    echo \"error: The sandbox is not in sync with the Podfile.lock. Run 'pod install' or update your CocoaPods installation.\" >&2\n    exit 1\nfi\n";
			showEnvVarsInLog = 0;
		};
		79B7B360B604D6C241F7E106 /* [CP] Embed Pods Frameworks */ = {
			isa = PBXShellScriptBuildPhase;
			buildActionMask = 2147483647;
			files = (
			);
			inputPaths = (
			);
			name = "[CP] Embed Pods Frameworks";
			outputPaths = (
			);
			runOnlyForDeploymentPostprocessing = 0;
			shellPath = /bin/sh;
			shellScript = "\"${SRCROOT}/Pods/Target Support Files/Pods-InstagramSimpleOAuth/Pods-InstagramSimpleOAuth-frameworks.sh\"\n";
			showEnvVarsInLog = 0;
		};
		C79A635663571C0299FC9F35 /* [CP] Copy Pods Resources */ = {
			isa = PBXShellScriptBuildPhase;
			buildActionMask = 2147483647;
			files = (
			);
			inputPaths = (
			);
			name = "[CP] Copy Pods Resources";
			outputPaths = (
			);
			runOnlyForDeploymentPostprocessing = 0;
			shellPath = /bin/sh;
			shellScript = "\"${SRCROOT}/Pods/Target Support Files/Pods-InstagramSimpleOAuth/Pods-InstagramSimpleOAuth-resources.sh\"\n";
			showEnvVarsInLog = 0;
		};
/* End PBXShellScriptBuildPhase section */

/* Begin PBXSourcesBuildPhase section */
		AF407E301993BFA700F61872 /* Sources */ = {
			isa = PBXSourcesBuildPhase;
			buildActionMask = 2147483647;
			files = (
				AF407E481993BFA700F61872 /* AppDelegate.m in Sources */,
				AF793E7D19AEF6E2008C3656 /* InstagramConstants.m in Sources */,
				AF66544919AB80E7004D2DAE /* InstagramUser.m in Sources */,
				AF407E441993BFA700F61872 /* main.m in Sources */,
				AF02653D199AA164001CA450 /* JustAViewController.m in Sources */,
				AF66544319AB7BF1004D2DAE /* InstagramLoginResponse.m in Sources */,
				AFC5B1F21A32C67E0077AA7C /* InstagramTokenParameters.m in Sources */,
				AF753F571993C37F007C8B1B /* InstagramSimpleOAuthViewController.m in Sources */,
				AFA846A119B0054B0035A004 /* InstagramAuthenticationManager.m in Sources */,
				AF026538199A971C001CA450 /* InitialViewController.m in Sources */,
			);
			runOnlyForDeploymentPostprocessing = 0;
		};
/* End PBXSourcesBuildPhase section */

/* Begin PBXVariantGroup section */
		AF407E401993BFA700F61872 /* InfoPlist.strings */ = {
			isa = PBXVariantGroup;
			children = (
				AF407E411993BFA700F61872 /* en */,
			);
			name = InfoPlist.strings;
			sourceTree = "<group>";
		};
/* End PBXVariantGroup section */

/* Begin XCBuildConfiguration section */
		AF407E671993BFA700F61872 /* Debug */ = {
			isa = XCBuildConfiguration;
			buildSettings = {
				ALWAYS_SEARCH_USER_PATHS = NO;
				CLANG_CXX_LANGUAGE_STANDARD = "gnu++0x";
				CLANG_CXX_LIBRARY = "libc++";
				CLANG_ENABLE_MODULES = YES;
				CLANG_ENABLE_OBJC_ARC = YES;
				CLANG_WARN_BOOL_CONVERSION = YES;
				CLANG_WARN_CONSTANT_CONVERSION = YES;
				CLANG_WARN_DIRECT_OBJC_ISA_USAGE = YES_ERROR;
				CLANG_WARN_EMPTY_BODY = YES;
				CLANG_WARN_ENUM_CONVERSION = YES;
				CLANG_WARN_INT_CONVERSION = YES;
				CLANG_WARN_OBJC_ROOT_CLASS = YES_ERROR;
				CLANG_WARN__DUPLICATE_METHOD_MATCH = YES;
				"CODE_SIGN_IDENTITY[sdk=iphoneos*]" = "iPhone Developer";
				COPY_PHASE_STRIP = NO;
				GCC_C_LANGUAGE_STANDARD = gnu99;
				GCC_DYNAMIC_NO_PIC = NO;
				GCC_OPTIMIZATION_LEVEL = 0;
				GCC_PREPROCESSOR_DEFINITIONS = (
					"DEBUG=1",
					"$(inherited)",
				);
				GCC_SYMBOLS_PRIVATE_EXTERN = NO;
				GCC_WARN_64_TO_32_BIT_CONVERSION = YES;
				GCC_WARN_ABOUT_RETURN_TYPE = YES_ERROR;
				GCC_WARN_UNDECLARED_SELECTOR = YES;
				GCC_WARN_UNINITIALIZED_AUTOS = YES_AGGRESSIVE;
				GCC_WARN_UNUSED_FUNCTION = YES;
				GCC_WARN_UNUSED_VARIABLE = YES;
				IPHONEOS_DEPLOYMENT_TARGET = 7.0;
				ONLY_ACTIVE_ARCH = YES;
				SDKROOT = iphoneos;
				TARGETED_DEVICE_FAMILY = "1,2";
			};
			name = Debug;
		};
		AF407E681993BFA700F61872 /* Release */ = {
			isa = XCBuildConfiguration;
			buildSettings = {
				ALWAYS_SEARCH_USER_PATHS = NO;
				CLANG_CXX_LANGUAGE_STANDARD = "gnu++0x";
				CLANG_CXX_LIBRARY = "libc++";
				CLANG_ENABLE_MODULES = YES;
				CLANG_ENABLE_OBJC_ARC = YES;
				CLANG_WARN_BOOL_CONVERSION = YES;
				CLANG_WARN_CONSTANT_CONVERSION = YES;
				CLANG_WARN_DIRECT_OBJC_ISA_USAGE = YES_ERROR;
				CLANG_WARN_EMPTY_BODY = YES;
				CLANG_WARN_ENUM_CONVERSION = YES;
				CLANG_WARN_INT_CONVERSION = YES;
				CLANG_WARN_OBJC_ROOT_CLASS = YES_ERROR;
				CLANG_WARN__DUPLICATE_METHOD_MATCH = YES;
				"CODE_SIGN_IDENTITY[sdk=iphoneos*]" = "iPhone Developer";
				COPY_PHASE_STRIP = YES;
				ENABLE_NS_ASSERTIONS = NO;
				GCC_C_LANGUAGE_STANDARD = gnu99;
				GCC_WARN_64_TO_32_BIT_CONVERSION = YES;
				GCC_WARN_ABOUT_RETURN_TYPE = YES_ERROR;
				GCC_WARN_UNDECLARED_SELECTOR = YES;
				GCC_WARN_UNINITIALIZED_AUTOS = YES_AGGRESSIVE;
				GCC_WARN_UNUSED_FUNCTION = YES;
				GCC_WARN_UNUSED_VARIABLE = YES;
				IPHONEOS_DEPLOYMENT_TARGET = 7.0;
				SDKROOT = iphoneos;
				TARGETED_DEVICE_FAMILY = "1,2";
				VALIDATE_PRODUCT = YES;
			};
			name = Release;
		};
		AF407E6A1993BFA700F61872 /* Debug */ = {
			isa = XCBuildConfiguration;
			baseConfigurationReference = BF4E78F2A23438234588D17F /* Pods-InstagramSimpleOAuth.debug.xcconfig */;
			buildSettings = {
				ASSETCATALOG_COMPILER_APPICON_NAME = AppIcon;
				ASSETCATALOG_COMPILER_LAUNCHIMAGE_NAME = LaunchImage;
				GCC_PRECOMPILE_PREFIX_HEADER = YES;
				GCC_PREFIX_HEADER = "InstagramSimpleOAuth/InstagramSimpleOAuth-Prefix.pch";
				INFOPLIST_FILE = "InstagramSimpleOAuth/InstagramSimpleOAuth-Info.plist";
				IPHONEOS_DEPLOYMENT_TARGET = 7.0;
				PRODUCT_NAME = "$(TARGET_NAME)";
				WRAPPER_EXTENSION = app;
			};
			name = Debug;
		};
		AF407E6B1993BFA700F61872 /* Release */ = {
			isa = XCBuildConfiguration;
			baseConfigurationReference = C497734FCA73C1C4D8AC665F /* Pods-InstagramSimpleOAuth.release.xcconfig */;
			buildSettings = {
				ASSETCATALOG_COMPILER_APPICON_NAME = AppIcon;
				ASSETCATALOG_COMPILER_LAUNCHIMAGE_NAME = LaunchImage;
				GCC_PRECOMPILE_PREFIX_HEADER = YES;
				GCC_PREFIX_HEADER = "InstagramSimpleOAuth/InstagramSimpleOAuth-Prefix.pch";
				INFOPLIST_FILE = "InstagramSimpleOAuth/InstagramSimpleOAuth-Info.plist";
				IPHONEOS_DEPLOYMENT_TARGET = 7.0;
				PRODUCT_NAME = "$(TARGET_NAME)";
				WRAPPER_EXTENSION = app;
			};
			name = Release;
		};
/* End XCBuildConfiguration section */

/* Begin XCConfigurationList section */
		AF407E2F1993BFA700F61872 /* Build configuration list for PBXProject "InstagramSimpleOAuth" */ = {
			isa = XCConfigurationList;
			buildConfigurations = (
				AF407E671993BFA700F61872 /* Debug */,
				AF407E681993BFA700F61872 /* Release */,
			);
			defaultConfigurationIsVisible = 0;
			defaultConfigurationName = Release;
		};
		AF407E691993BFA700F61872 /* Build configuration list for PBXNativeTarget "InstagramSimpleOAuth" */ = {
			isa = XCConfigurationList;
			buildConfigurations = (
				AF407E6A1993BFA700F61872 /* Debug */,
				AF407E6B1993BFA700F61872 /* Release */,
			);
			defaultConfigurationIsVisible = 0;
			defaultConfigurationName = Release;
		};
/* End XCConfigurationList section */
	};
	rootObject = AF407E2C1993BFA700F61872 /* Project object */;
}
